
Microsoft Visual Studio Solution File, Format Version 12.00
# Visual Studio Version 16
VisualStudioVersion = 16.0.31702.278
MinimumVisualStudioVersion = 10.0.40219.1
Project("{FAE04EC0-301F-11D3-BF4B-00C04F79EFBC}") = "Chip-8", "Chip-8.csproj", "{E2BEF790-DF8C-48C1-A6AE-651A3C79A1CB}"
EndProject
Global
	GlobalSection(SolutionConfigurationPlatforms) = preSolution
		Debug|Any CPU = Debug|Any CPU
		Release|Any CPU = Release|Any CPU
	EndGlobalSection
	GlobalSection(ProjectConfigurationPlatforms) = postSolution
		{E2BEF790-DF8C-48C1-A6AE-651A3C79A1CB}.Debug|Any CPU.ActiveCfg = Debug|Any CPU
		{E2BEF790-DF8C-48C1-A6AE-651A3C79A1CB}.Debug|Any CPU.Build.0 = Debug|Any CPU
		{E2BEF790-DF8C-48C1-A6AE-651A3C79A1CB}.Release|Any CPU.ActiveCfg = Release|Any CPU
		{E2BEF790-DF8C-48C1-A6AE-651A3C79A1CB}.Release|Any CPU.Build.0 = Release|Any CPU
	EndGlobalSection
	GlobalSection(SolutionProperties) = preSolution
		HideSolutionNode = FALSE
	EndGlobalSection
	GlobalSection(ExtensibilityGlobals) = postSolution
		SolutionGuid = {ADF9B788-81C9-497F-8F06-72683EC6FEE0}
	EndGlobalSection
EndGlobal
